{
  "name": "semester-tracking-app",
  "lockfileVersion": 2,
  "requires": true,
  "packages": {
    "": {
      "dependencies": {
        "k-progress": "^1.5.0"
      }
    },
    "node_modules/core-js": {
      "version": "3.22.7",
      "resolved": "https://registry.npmjs.org/core-js/-/core-js-3.22.7.tgz",
      "integrity": "sha512-Jt8SReuDKVNZnZEzyEQT5eK6T2RRCXkfTq7Lo09kpm+fHjgGewSbNjV+Wt4yZMhPDdzz2x1ulI5z/w4nxpBseg==",
      "hasInstallScript": true,
      "funding": {
        "type": "opencollective",
        "url": "https://opencollective.com/core-js"
      }
    },
    "node_modules/k-progress": {
      "version": "1.5.0",
      "resolved": "https://registry.npmjs.org/k-progress/-/k-progress-1.5.0.tgz",
      "integrity": "sha512-vuXVFBo4EFKmcUh0Ox0f19nXupTD7L1ro3ftMuS4doyIcxeXEh7P0i6tjK+yXFUcy8EwozKRSgpXVCmM9J5pcA==",
      "dependencies": {
        "core-js": "^3.4.3",
        "vue": "^2.6.10"
      }
    },
    "node_modules/vue": {
      "version": "2.6.14",
      "resolved": "https://registry.npmjs.org/vue/-/vue-2.6.14.tgz",
      "integrity": "sha512-x2284lgYvjOMj3Za7kqzRcUSxBboHqtgRE2zlos1qWaOye5yUmHn42LB1250NJBLRwEcdrB0JRwyPTEPhfQjiQ=="
    }
  },
  "dependencies": {
    "core-js": {
      "version": "3.22.7",
      "resolved": "https://registry.npmjs.org/core-js/-/core-js-3.22.7.tgz",
      "integrity": "sha512-Jt8SReuDKVNZnZEzyEQT5eK6T2RRCXkfTq7Lo09kpm+fHjgGewSbNjV+Wt4yZMhPDdzz2x1ulI5z/w4nxpBseg=="
    },
    "k-progress": {
      "version": "1.5.0",
      "resolved": "https://registry.npmjs.org/k-progress/-/k-progress-1.5.0.tgz",
      "integrity": "sha512-vuXVFBo4EFKmcUh0Ox0f19nXupTD7L1ro3ftMuS4doyIcxeXEh7P0i6tjK+yXFUcy8EwozKRSgpXVCmM9J5pcA==",
      "requires": {
        "core-js": "^3.4.3",
        "vue": "^2.6.10"
      }
    },
    "vue": {
      "version": "2.6.14",
      "resolved": "https://registry.npmjs.org/vue/-/vue-2.6.14.tgz",
      "integrity": "sha512-x2284lgYvjOMj3Za7kqzRcUSxBboHqtgRE2zlos1qWaOye5yUmHn42LB1250NJBLRwEcdrB0JRwyPTEPhfQjiQ=="
    }
  }
}
